
Microsoft Visual Studio Solution File, Format Version 12.00
# Visual Studio Version 17
VisualStudioVersion = 17.9.34902.65
MinimumVisualStudioVersion = 10.0.40219.1
Project("{FAE04EC0-301F-11D3-BF4B-00C04F79EFBC}") = "lab1_algorithms", "lab1_algorithms.csproj", "{F26AA71F-D302-46D5-B920-3999F0586106}"
EndProject
Global
	GlobalSection(SolutionConfigurationPlatforms) = preSolution
		Debug|Any CPU = Debug|Any CPU
		Release|Any CPU = Release|Any CPU
	EndGlobalSection
	GlobalSection(ProjectConfigurationPlatforms) = postSolution
		{F26AA71F-D302-46D5-B920-3999F0586106}.Debug|Any CPU.ActiveCfg = Debug|Any CPU
		{F26AA71F-D302-46D5-B920-3999F0586106}.Debug|Any CPU.Build.0 = Debug|Any CPU
		{F26AA71F-D302-46D5-B920-3999F0586106}.Release|Any CPU.ActiveCfg = Release|Any CPU
		{F26AA71F-D302-46D5-B920-3999F0586106}.Release|Any CPU.Build.0 = Release|Any CPU
	EndGlobalSection
	GlobalSection(SolutionProperties) = preSolution
		HideSolutionNode = FALSE
	EndGlobalSection
	GlobalSection(ExtensibilityGlobals) = postSolution
		SolutionGuid = {60E782FB-7D02-47FE-ABBB-68D09560A0F1}
	EndGlobalSection
EndGlobal
